
Microsoft Visual Studio Solution File, Format Version 12.00
# Visual Studio 15
VisualStudioVersion = 15.0.26430.6
MinimumVisualStudioVersion = 10.0.40219.1
Project("{2150E333-8FDC-42A3-9474-1A3956D46DE8}") = "src", "src", "{DCB113F5-E985-4E48-9C78-9624DF7470D6}"
EndProject
Project("{2150E333-8FDC-42A3-9474-1A3956D46DE8}") = "Solution Items", "Solution Items", "{B46C8705-1C1D-463D-8431-2F91DEC220A2}"
EndProject
Project("{9A19103F-16F7-4668-BE54-9A1E7A4F7556}") = "DeveMazeGeneratorConsole", "src\DeveMazeGeneratorConsole\DeveMazeGeneratorConsole.csproj", "{0DC50FAF-2CF0-4630-B97E-150234794188}"
EndProject
Project("{9A19103F-16F7-4668-BE54-9A1E7A4F7556}") = "DeveMazeGenerator", "src\DeveMazeGenerator\DeveMazeGenerator.csproj", "{EB564EBD-4C2D-4D61-BCDE-5576EFA85210}"
EndProject
Project("{9A19103F-16F7-4668-BE54-9A1E7A4F7556}") = "DeveMazeGenerator.Tests", "test\DeveMazeGenerator.Tests\DeveMazeGenerator.Tests.csproj", "{5E23F786-A289-44A1-A9BA-1F84E0A5C281}"
EndProject
Project("{9A19103F-16F7-4668-BE54-9A1E7A4F7556}") = "DeveMazeGeneratorWeb", "src\DeveMazeGeneratorWeb\DeveMazeGeneratorWeb.csproj", "{FAF7B152-7B12-45F0-B75E-DF20575266DB}"
EndProject
Project("{9A19103F-16F7-4668-BE54-9A1E7A4F7556}") = "ImageSharp", "ImageSharp\src\ImageSharp\ImageSharp.csproj", "{718A787A-3E9D-4911-A29E-F45EA33D1AE5}"
EndProject
Global
	GlobalSection(SolutionConfigurationPlatforms) = preSolution
		Debug|Any CPU = Debug|Any CPU
		Release|Any CPU = Release|Any CPU
	EndGlobalSection
	GlobalSection(ProjectConfigurationPlatforms) = postSolution
		{0DC50FAF-2CF0-4630-B97E-150234794188}.Debug|Any CPU.ActiveCfg = Debug|Any CPU
		{0DC50FAF-2CF0-4630-B97E-150234794188}.Debug|Any CPU.Build.0 = Debug|Any CPU
		{0DC50FAF-2CF0-4630-B97E-150234794188}.Release|Any CPU.ActiveCfg = Release|Any CPU
		{0DC50FAF-2CF0-4630-B97E-150234794188}.Release|Any CPU.Build.0 = Release|Any CPU
		{EB564EBD-4C2D-4D61-BCDE-5576EFA85210}.Debug|Any CPU.ActiveCfg = Debug|Any CPU
		{EB564EBD-4C2D-4D61-BCDE-5576EFA85210}.Debug|Any CPU.Build.0 = Debug|Any CPU
		{EB564EBD-4C2D-4D61-BCDE-5576EFA85210}.Release|Any CPU.ActiveCfg = Release|Any CPU
		{EB564EBD-4C2D-4D61-BCDE-5576EFA85210}.Release|Any CPU.Build.0 = Release|Any CPU
		{5E23F786-A289-44A1-A9BA-1F84E0A5C281}.Debug|Any CPU.ActiveCfg = Debug|Any CPU
		{5E23F786-A289-44A1-A9BA-1F84E0A5C281}.Debug|Any CPU.Build.0 = Debug|Any CPU
		{5E23F786-A289-44A1-A9BA-1F84E0A5C281}.Release|Any CPU.ActiveCfg = Release|Any CPU
		{5E23F786-A289-44A1-A9BA-1F84E0A5C281}.Release|Any CPU.Build.0 = Release|Any CPU
		{FAF7B152-7B12-45F0-B75E-DF20575266DB}.Debug|Any CPU.ActiveCfg = Debug|Any CPU
		{FAF7B152-7B12-45F0-B75E-DF20575266DB}.Debug|Any CPU.Build.0 = Debug|Any CPU
		{FAF7B152-7B12-45F0-B75E-DF20575266DB}.Release|Any CPU.ActiveCfg = Release|Any CPU
		{FAF7B152-7B12-45F0-B75E-DF20575266DB}.Release|Any CPU.Build.0 = Release|Any CPU
		{718A787A-3E9D-4911-A29E-F45EA33D1AE5}.Debug|Any CPU.ActiveCfg = Debug|Any CPU
		{718A787A-3E9D-4911-A29E-F45EA33D1AE5}.Debug|Any CPU.Build.0 = Debug|Any CPU
		{718A787A-3E9D-4911-A29E-F45EA33D1AE5}.Release|Any CPU.ActiveCfg = Release|Any CPU
		{718A787A-3E9D-4911-A29E-F45EA33D1AE5}.Release|Any CPU.Build.0 = Release|Any CPU
	EndGlobalSection
	GlobalSection(SolutionProperties) = preSolution
		HideSolutionNode = FALSE
	EndGlobalSection
	GlobalSection(NestedProjects) = preSolution
		{0DC50FAF-2CF0-4630-B97E-150234794188} = {DCB113F5-E985-4E48-9C78-9624DF7470D6}
		{EB564EBD-4C2D-4D61-BCDE-5576EFA85210} = {DCB113F5-E985-4E48-9C78-9624DF7470D6}
		{FAF7B152-7B12-45F0-B75E-DF20575266DB} = {DCB113F5-E985-4E48-9C78-9624DF7470D6}
		{718A787A-3E9D-4911-A29E-F45EA33D1AE5} = {DCB113F5-E985-4E48-9C78-9624DF7470D6}
	EndGlobalSection
EndGlobal
